// !$*UTF8*$!
{
	archiveVersion = 1;
	classes = {
	};
	objectVersion = 50;
	objects = {

/* Begin PBXBuildFile section */
		7692AEC121135D2D003D2B9D /* AppDelegate.swift in Sources */ = {isa = PBXBuildFile; fileRef = 7692AEC021135D2D003D2B9D /* AppDelegate.swift */; };
		7692AEC321135D2D003D2B9D /* ViewController.swift in Sources */ = {isa = PBXBuildFile; fileRef = 7692AEC221135D2D003D2B9D /* ViewController.swift */; };
		7692AEC821135D2D003D2B9D /* Assets.xcassets in Resources */ = {isa = PBXBuildFile; fileRef = 7692AEC721135D2D003D2B9D /* Assets.xcassets */; };
		7692AECB21135D2D003D2B9D /* LaunchScreen.storyboard in Resources */ = {isa = PBXBuildFile; fileRef = 7692AEC921135D2D003D2B9D /* LaunchScreen.storyboard */; };
		7692AED621135D2D003D2B9D /* TwitterTests.swift in Sources */ = {isa = PBXBuildFile; fileRef = 7692AED521135D2D003D2B9D /* TwitterTests.swift */; };
		7692AEE121135D2E003D2B9D /* TwitterUITests.swift in Sources */ = {isa = PBXBuildFile; fileRef = 7692AEE021135D2E003D2B9D /* TwitterUITests.swift */; };
		7692AEEF21136150003D2B9D /* HomeController.swift in Sources */ = {isa = PBXBuildFile; fileRef = 7692AEEE21136150003D2B9D /* HomeController.swift */; };
/* End PBXBuildFile section */

/* Begin PBXContainerItemProxy section */
		7692AED221135D2D003D2B9D /* PBXContainerItemProxy */ = {
			isa = PBXContainerItemProxy;
			containerPortal = 7692AEB521135D2D003D2B9D /* Project object */;
			proxyType = 1;
			remoteGlobalIDString = 7692AEBC21135D2D003D2B9D;
			remoteInfo = Twitter;
		};
		7692AEDD21135D2E003D2B9D /* PBXContainerItemProxy */ = {
			isa = PBXContainerItemProxy;
			containerPortal = 7692AEB521135D2D003D2B9D /* Project object */;
			proxyType = 1;
			remoteGlobalIDString = 7692AEBC21135D2D003D2B9D;
			remoteInfo = Twitter;
		};
/* End PBXContainerItemProxy section */

/* Begin PBXFileReference section */
		7692AEBD21135D2D003D2B9D /* Twitter.app */ = {isa = PBXFileReference; explicitFileType = wrapper.application; includeInIndex = 0; path = Twitter.app; sourceTree = BUILT_PRODUCTS_DIR; };
		7692AEC021135D2D003D2B9D /* AppDelegate.swift */ = {isa = PBXFileReference; lastKnownFileType = sourcecode.swift; path = AppDelegate.swift; sourceTree = "<group>"; };
		7692AEC221135D2D003D2B9D /* ViewController.swift */ = {isa = PBXFileReference; lastKnownFileType = sourcecode.swift; path = ViewController.swift; sourceTree = "<group>"; };
		7692AEC721135D2D003D2B9D /* Assets.xcassets */ = {isa = PBXFileReference; lastKnownFileType = folder.assetcatalog; path = Assets.xcassets; sourceTree = "<group>"; };
		7692AECA21135D2D003D2B9D /* Base */ = {isa = PBXFileReference; lastKnownFileType = file.storyboard; name = Base; path = Base.lproj/LaunchScreen.storyboard; sourceTree = "<group>"; };
		7692AECC21135D2D003D2B9D /* Info.plist */ = {isa = PBXFileReference; lastKnownFileType = text.plist.xml; path = Info.plist; sourceTree = "<group>"; };
		7692AED121135D2D003D2B9D /* TwitterTests.xctest */ = {isa = PBXFileReference; explicitFileType = wrapper.cfbundle; includeInIndex = 0; path = TwitterTests.xctest; sourceTree = BUILT_PRODUCTS_DIR; };
		7692AED521135D2D003D2B9D /* TwitterTests.swift */ = {isa = PBXFileReference; lastKnownFileType = sourcecode.swift; path = TwitterTests.swift; sourceTree = "<group>"; };
		7692AED721135D2D003D2B9D /* Info.plist */ = {isa = PBXFileReference; lastKnownFileType = text.plist.xml; path = Info.plist; sourceTree = "<group>"; };
		7692AEDC21135D2E003D2B9D /* TwitterUITests.xctest */ = {isa = PBXFileReference; explicitFileType = wrapper.cfbundle; includeInIndex = 0; path = TwitterUITests.xctest; sourceTree = BUILT_PRODUCTS_DIR; };
		7692AEE021135D2E003D2B9D /* TwitterUITests.swift */ = {isa = PBXFileReference; lastKnownFileType = sourcecode.swift; path = TwitterUITests.swift; sourceTree = "<group>"; };
		7692AEE221135D2E003D2B9D /* Info.plist */ = {isa = PBXFileReference; lastKnownFileType = text.plist.xml; path = Info.plist; sourceTree = "<group>"; };
		7692AEEE21136150003D2B9D /* HomeController.swift */ = {isa = PBXFileReference; lastKnownFileType = sourcecode.swift; path = HomeController.swift; sourceTree = "<group>"; };
/* End PBXFileReference section */

/* Begin PBXFrameworksBuildPhase section */
		7692AEBA21135D2D003D2B9D /* Frameworks */ = {
			isa = PBXFrameworksBuildPhase;
			buildActionMask = 2147483647;
			files = (
			);
			runOnlyForDeploymentPostprocessing = 0;
		};
		7692AECE21135D2D003D2B9D /* Frameworks */ = {
			isa = PBXFrameworksBuildPhase;
			buildActionMask = 2147483647;
			files = (
			);
			runOnlyForDeploymentPostprocessing = 0;
		};
		7692AED921135D2E003D2B9D /* Frameworks */ = {
			isa = PBXFrameworksBuildPhase;
			buildActionMask = 2147483647;
			files = (
			);
			runOnlyForDeploymentPostprocessing = 0;
		};
/* End PBXFrameworksBuildPhase section */

/* Begin PBXGroup section */
		7692AEB421135D2D003D2B9D = {
			isa = PBXGroup;
			children = (
				7692AEBF21135D2D003D2B9D /* Twitter */,
				7692AED421135D2D003D2B9D /* TwitterTests */,
				7692AEDF21135D2E003D2B9D /* TwitterUITests */,
				7692AEBE21135D2D003D2B9D /* Products */,
			);
			sourceTree = "<group>";
		};
		7692AEBE21135D2D003D2B9D /* Products */ = {
			isa = PBXGroup;
			children = (
				7692AEBD21135D2D003D2B9D /* Twitter.app */,
				7692AED121135D2D003D2B9D /* TwitterTests.xctest */,
				7692AEDC21135D2E003D2B9D /* TwitterUITests.xctest */,
			);
			name = Products;
			sourceTree = "<group>";
		};
		7692AEBF21135D2D003D2B9D /* Twitter */ = {
			isa = PBXGroup;
			children = (
				7692AEC021135D2D003D2B9D /* AppDelegate.swift */,
				7692AEC221135D2D003D2B9D /* ViewController.swift */,
				7692AEC721135D2D003D2B9D /* Assets.xcassets */,
				7692AEC921135D2D003D2B9D /* LaunchScreen.storyboard */,
				7692AECC21135D2D003D2B9D /* Info.plist */,
				7692AEEE21136150003D2B9D /* HomeController.swift */,
			);
			path = Twitter;
			sourceTree = "<group>";
		};
		7692AED421135D2D003D2B9D /* TwitterTests */ = {
			isa = PBXGroup;
			children = (
				7692AED521135D2D003D2B9D /* TwitterTests.swift */,
				7692AED721135D2D003D2B9D /* Info.plist */,
			);
			path = TwitterTests;
			sourceTree = "<group>";
		};
		7692AEDF21135D2E003D2B9D /* TwitterUITests */ = {
			isa = PBXGroup;
			children = (
				7692AEE021135D2E003D2B9D /* TwitterUITests.swift */,
				7692AEE221135D2E003D2B9D /* Info.plist */,
			);
			path = TwitterUITests;
			sourceTree = "<group>";
		};
/* End PBXGroup section */

/* Begin PBXNativeTarget section */
		7692AEBC21135D2D003D2B9D /* Twitter */ = {
			isa = PBXNativeTarget;
			buildConfigurationList = 7692AEE521135D2E003D2B9D /* Build configuration list for PBXNativeTarget "Twitter" */;
			buildPhases = (
				7692AEB921135D2D003D2B9D /* Sources */,
				7692AEBA21135D2D003D2B9D /* Frameworks */,
				7692AEBB21135D2D003D2B9D /* Resources */,
			);
			buildRules = (
			);
			dependencies = (
			);
			name = Twitter;
			productName = Twitter;
			productReference = 7692AEBD21135D2D003D2B9D /* Twitter.app */;
			productType = "com.apple.product-type.application";
		};
		7692AED021135D2D003D2B9D /* TwitterTests */ = {
			isa = PBXNativeTarget;
			buildConfigurationList = 7692AEE821135D2E003D2B9D /* Build configuration list for PBXNativeTarget "TwitterTests" */;
			buildPhases = (
				7692AECD21135D2D003D2B9D /* Sources */,
				7692AECE21135D2D003D2B9D /* Frameworks */,
				7692AECF21135D2D003D2B9D /* Resources */,
			);
			buildRules = (
			);
			dependencies = (
				7692AED321135D2D003D2B9D /* PBXTargetDependency */,
			);
			name = TwitterTests;
			productName = TwitterTests;
			productReference = 7692AED121135D2D003D2B9D /* TwitterTests.xctest */;
			productType = "com.apple.product-type.bundle.unit-test";
		};
		7692AEDB21135D2E003D2B9D /* TwitterUITests */ = {
			isa = PBXNativeTarget;
			buildConfigurationList = 7692AEEB21135D2E003D2B9D /* Build configuration list for PBXNativeTarget "TwitterUITests" */;
			buildPhases = (
				7692AED821135D2E003D2B9D /* Sources */,
				7692AED921135D2E003D2B9D /* Frameworks */,
				7692AEDA21135D2E003D2B9D /* Resources */,
			);
			buildRules = (
			);
			dependencies = (
				7692AEDE21135D2E003D2B9D /* PBXTargetDependency */,
			);
			name = TwitterUITests;
			productName = TwitterUITests;
			productReference = 7692AEDC21135D2E003D2B9D /* TwitterUITests.xctest */;
			productType = "com.apple.product-type.bundle.ui-testing";
		};
/* End PBXNativeTarget section */

/* Begin PBXProject section */
		7692AEB521135D2D003D2B9D /* Project object */ = {
			isa = PBXProject;
			attributes = {
				LastSwiftUpdateCheck = 0940;
				LastUpgradeCheck = 0940;
				ORGANIZATIONNAME = GetHired;
				TargetAttributes = {
					7692AEBC21135D2D003D2B9D = {
						CreatedOnToolsVersion = 9.4.1;
					};
					7692AED021135D2D003D2B9D = {
						CreatedOnToolsVersion = 9.4.1;
						TestTargetID = 7692AEBC21135D2D003D2B9D;
					};
					7692AEDB21135D2E003D2B9D = {
						CreatedOnToolsVersion = 9.4.1;
						TestTargetID = 7692AEBC21135D2D003D2B9D;
					};
				};
			};
			buildConfigurationList = 7692AEB821135D2D003D2B9D /* Build configuration list for PBXProject "Twitter" */;
			compatibilityVersion = "Xcode 9.3";
			developmentRegion = en;
			hasScannedForEncodings = 0;
			knownRegions = (
				en,
				Base,
			);
			mainGroup = 7692AEB421135D2D003D2B9D;
			productRefGroup = 7692AEBE21135D2D003D2B9D /* Products */;
			projectDirPath = "";
			projectRoot = "";
			targets = (
				7692AEBC21135D2D003D2B9D /* Twitter */,
				7692AED021135D2D003D2B9D /* TwitterTests */,
				7692AEDB21135D2E003D2B9D /* TwitterUITests */,
			);
		};
/* End PBXProject section */

/* Begin PBXResourcesBuildPhase section */
		7692AEBB21135D2D003D2B9D /* Resources */ = {
			isa = PBXResourcesBuildPhase;
			buildActionMask = 2147483647;
			files = (
				7692AECB21135D2D003D2B9D /* LaunchScreen.storyboard in Resources */,
				7692AEC821135D2D003D2B9D /* Assets.xcassets in Resources */,
			);
			runOnlyForDeploymentPostprocessing = 0;
		};
		7692AECF21135D2D003D2B9D /* Resources */ = {
			isa = PBXResourcesBuildPhase;
			buildActionMask = 2147483647;
			files = (
			);
			runOnlyForDeploymentPostprocessing = 0;
		};
		7692AEDA21135D2E003D2B9D /* Resources */ = {
			isa = PBXResourcesBuildPhase;
			buildActionMask = 2147483647;
			files = (
			);
			runOnlyForDeploymentPostprocessing = 0;
		};
/* End PBXResourcesBuildPhase section */

/* Begin PBXSourcesBuildPhase section */
		7692AEB921135D2D003D2B9D /* Sources */ = {
			isa = PBXSourcesBuildPhase;
			buildActionMask = 2147483647;
			files = (
				7692AEC321135D2D003D2B9D /* ViewController.swift in Sources */,
				7692AEC121135D2D003D2B9D /* AppDelegate.swift in Sources */,
				7692AEEF21136150003D2B9D /* HomeController.swift in Sources */,
			);
			runOnlyForDeploymentPostprocessing = 0;
		};
		7692AECD21135D2D003D2B9D /* Sources */ = {
			isa = PBXSourcesBuildPhase;
			buildActionMask = 2147483647;
			files = (
				7692AED621135D2D003D2B9D /* TwitterTests.swift in Sources */,
			);
			runOnlyForDeploymentPostprocessing = 0;
		};
		7692AED821135D2E003D2B9D /* Sources */ = {
			isa = PBXSourcesBuildPhase;
			buildActionMask = 2147483647;
			files = (
				7692AEE121135D2E003D2B9D /* TwitterUITests.swift in Sources */,
			);
			runOnlyForDeploymentPostprocessing = 0;
		};
/* End PBXSourcesBuildPhase section */

/* Begin PBXTargetDependency section */
		7692AED321135D2D003D2B9D /* PBXTargetDependency */ = {
			isa = PBXTargetDependency;
			target = 7692AEBC21135D2D003D2B9D /* Twitter */;
			targetProxy = 7692AED221135D2D003D2B9D /* PBXContainerItemProxy */;
		};
		7692AEDE21135D2E003D2B9D /* PBXTargetDependency */ = {
			isa = PBXTargetDependency;
			target = 7692AEBC21135D2D003D2B9D /* Twitter */;
			targetProxy = 7692AEDD21135D2E003D2B9D /* PBXContainerItemProxy */;
		};
/* End PBXTargetDependency section */

/* Begin PBXVariantGroup section */
		7692AEC921135D2D003D2B9D /* LaunchScreen.storyboard */ = {
			isa = PBXVariantGroup;
			children = (
				7692AECA21135D2D003D2B9D /* Base */,
			);
			name = LaunchScreen.storyboard;
			sourceTree = "<group>";
		};
/* End PBXVariantGroup section */

/* Begin XCBuildConfiguration section */
		7692AEE321135D2E003D2B9D /* Debug */ = {
			isa = XCBuildConfiguration;
			buildSettings = {
				ALWAYS_SEARCH_USER_PATHS = NO;
				CLANG_ANALYZER_NONNULL = YES;
				CLANG_ANALYZER_NUMBER_OBJECT_CONVERSION = YES_AGGRESSIVE;
				CLANG_CXX_LANGUAGE_STANDARD = "gnu++14";
				CLANG_CXX_LIBRARY = "libc++";
				CLANG_ENABLE_MODULES = YES;
				CLANG_ENABLE_OBJC_ARC = YES;
				CLANG_ENABLE_OBJC_WEAK = YES;
				CLANG_WARN_BLOCK_CAPTURE_AUTORELEASING = YES;
				CLANG_WARN_BOOL_CONVERSION = YES;
				CLANG_WARN_COMMA = YES;
				CLANG_WARN_CONSTANT_CONVERSION = YES;
				CLANG_WARN_DEPRECATED_OBJC_IMPLEMENTATIONS = YES;
				CLANG_WARN_DIRECT_OBJC_ISA_USAGE = YES_ERROR;
				CLANG_WARN_DOCUMENTATION_COMMENTS = YES;
				CLANG_WARN_EMPTY_BODY = YES;
				CLANG_WARN_ENUM_CONVERSION = YES;
				CLANG_WARN_INFINITE_RECURSION = YES;
				CLANG_WARN_INT_CONVERSION = YES;
				CLANG_WARN_NON_LITERAL_NULL_CONVERSION = YES;
				CLANG_WARN_OBJC_IMPLICIT_RETAIN_SELF = YES;
				CLANG_WARN_OBJC_LITERAL_CONVERSION = YES;
				CLANG_WARN_OBJC_ROOT_CLASS = YES_ERROR;
				CLANG_WARN_RANGE_LOOP_ANALYSIS = YES;
				CLANG_WARN_STRICT_PROTOTYPES = YES;
				CLANG_WARN_SUSPICIOUS_MOVE = YES;
				CLANG_WARN_UNGUARDED_AVAILABILITY = YES_AGGRESSIVE;
				CLANG_WARN_UNREACHABLE_CODE = YES;
				CLANG_WARN__DUPLICATE_METHOD_MATCH = YES;
				CODE_SIGN_IDENTITY = "iPhone Developer";
				COPY_PHASE_STRIP = NO;
				DEBUG_INFORMATION_FORMAT = dwarf;
				ENABLE_STRICT_OBJC_MSGSEND = YES;
				ENABLE_TESTABILITY = YES;
				GCC_C_LANGUAGE_STANDARD = gnu11;
				GCC_DYNAMIC_NO_PIC = NO;
				GCC_NO_COMMON_BLOCKS = YES;
				GCC_OPTIMIZATION_LEVEL = 0;
				GCC_PREPROCESSOR_DEFINITIONS = (
					"DEBUG=1",
					"$(inherited)",
				);
				GCC_WARN_64_TO_32_BIT_CONVERSION = YES;
				GCC_WARN_ABOUT_RETURN_TYPE = YES_ERROR;
				GCC_WARN_UNDECLARED_SELECTOR = YES;
				GCC_WARN_UNINITIALIZED_AUTOS = YES_AGGRESSIVE;
				GCC_WARN_UNUSED_FUNCTION = YES;
				GCC_WARN_UNUSED_VARIABLE = YES;
				IPHONEOS_DEPLOYMENT_TARGET = 11.4;
				MTL_ENABLE_DEBUG_INFO = YES;
				ONLY_ACTIVE_ARCH = YES;
				SDKROOT = iphoneos;
				SWIFT_ACTIVE_COMPILATION_CONDITIONS = DEBUG;
				SWIFT_OPTIMIZATION_LEVEL = "-Onone";
			};
			name = Debug;
		};
		7692AEE421135D2E003D2B9D /* Release */ = {
			isa = XCBuildConfiguration;
			buildSettings = {
				ALWAYS_SEARCH_USER_PATHS = NO;
				CLANG_ANALYZER_NONNULL = YES;
				CLANG_ANALYZER_NUMBER_OBJECT_CONVERSION = YES_AGGRESSIVE;
				CLANG_CXX_LANGUAGE_STANDARD = "gnu++14";
				CLANG_CXX_LIBRARY = "libc++";
				CLANG_ENABLE_MODULES = YES;
				CLANG_ENABLE_OBJC_ARC = YES;
				CLANG_ENABLE_OBJC_WEAK = YES;
				CLANG_WARN_BLOCK_CAPTURE_AUTORELEASING = YES;
				CLANG_WARN_BOOL_CONVERSION = YES;
				CLANG_WARN_COMMA = YES;
				CLANG_WARN_CONSTANT_CONVERSION = YES;
				CLANG_WARN_DEPRECATED_OBJC_IMPLEMENTATIONS = YES;
				CLANG_WARN_DIRECT_OBJC_ISA_USAGE = YES_ERROR;
				CLANG_WARN_DOCUMENTATION_COMMENTS = YES;
				CLANG_WARN_EMPTY_BODY = YES;
				CLANG_WARN_ENUM_CONVERSION = YES;
				CLANG_WARN_INFINITE_RECURSION = YES;
				CLANG_WARN_INT_CONVERSION = YES;
				CLANG_WARN_NON_LITERAL_NULL_CONVERSION = YES;
				CLANG_WARN_OBJC_IMPLICIT_RETAIN_SELF = YES;
				CLANG_WARN_OBJC_LITERAL_CONVERSION = YES;
				CLANG_WARN_OBJC_ROOT_CLASS = YES_ERROR;
				CLANG_WARN_RANGE_LOOP_ANALYSIS = YES;
				CLANG_WARN_STRICT_PROTOTYPES = YES;
				CLANG_WARN_SUSPICIOUS_MOVE = YES;
				CLANG_WARN_UNGUARDED_AVAILABILITY = YES_AGGRESSIVE;
				CLANG_WARN_UNREACHABLE_CODE = YES;
				CLANG_WARN__DUPLICATE_METHOD_MATCH = YES;
				CODE_SIGN_IDENTITY = "iPhone Developer";
				COPY_PHASE_STRIP = NO;
				DEBUG_INFORMATION_FORMAT = "dwarf-with-dsym";
				ENABLE_NS_ASSERTIONS = NO;
				ENABLE_STRICT_OBJC_MSGSEND = YES;
				GCC_C_LANGUAGE_STANDARD = gnu11;
				GCC_NO_COMMON_BLOCKS = YES;
				GCC_WARN_64_TO_32_BIT_CONVERSION = YES;
				GCC_WARN_ABOUT_RETURN_TYPE = YES_ERROR;
				GCC_WARN_UNDECLARED_SELECTOR = YES;
				GCC_WARN_UNINITIALIZED_AUTOS = YES_AGGRESSIVE;
				GCC_WARN_UNUSED_FUNCTION = YES;
				GCC_WARN_UNUSED_VARIABLE = YES;
				IPHONEOS_DEPLOYMENT_TARGET = 11.4;
				MTL_ENABLE_DEBUG_INFO = NO;
				SDKROOT = iphoneos;
				SWIFT_COMPILATION_MODE = wholemodule;
				SWIFT_OPTIMIZATION_LEVEL = "-O";
				VALIDATE_PRODUCT = YES;
			};
			name = Release;
		};
		7692AEE621135D2E003D2B9D /* Debug */ = {
			isa = XCBuildConfiguration;
			buildSettings = {
				ASSETCATALOG_COMPILER_APPICON_NAME = AppIcon;
				CODE_SIGN_STYLE = Automatic;
				INFOPLIST_FILE = Twitter/Info.plist;
				LD_RUNPATH_SEARCH_PATHS = (
					"$(inherited)",
					"@executable_path/Frameworks",
				);
				PRODUCT_BUNDLE_IDENTIFIER = GetHired.com.Twitter;
				PRODUCT_NAME = "$(TARGET_NAME)";
				SWIFT_VERSION = 4.0;
				TARGETED_DEVICE_FAMILY = "1,2";
			};
			name = Debug;
		};
		7692AEE721135D2E003D2B9D /* Release */ = {
			isa = XCBuildConfiguration;
			buildSettings = {
				ASSETCATALOG_COMPILER_APPICON_NAME = AppIcon;
				CODE_SIGN_STYLE = Automatic;
				INFOPLIST_FILE = Twitter/Info.plist;
				LD_RUNPATH_SEARCH_PATHS = (
					"$(inherited)",
					"@executable_path/Frameworks",
				);
				PRODUCT_BUNDLE_IDENTIFIER = GetHired.com.Twitter;
				PRODUCT_NAME = "$(TARGET_NAME)";
				SWIFT_VERSION = 4.0;
				TARGETED_DEVICE_FAMILY = "1,2";
			};
			name = Release;
		};
		7692AEE921135D2E003D2B9D /* Debug */ = {
			isa = XCBuildConfiguration;
			buildSettings = {
				ALWAYS_EMBED_SWIFT_STANDARD_LIBRARIES = YES;
				BUNDLE_LOADER = "$(TEST_HOST)";
				CODE_SIGN_STYLE = Automatic;
				INFOPLIST_FILE = TwitterTests/Info.plist;
				LD_RUNPATH_SEARCH_PATHS = (
					"$(inherited)",
					"@executable_path/Frameworks",
					"@loader_path/Frameworks",
				);
				PRODUCT_BUNDLE_IDENTIFIER = GetHired.com.TwitterTests;
				PRODUCT_NAME = "$(TARGET_NAME)";
				SWIFT_VERSION = 4.0;
				TARGETED_DEVICE_FAMILY = "1,2";
				TEST_HOST = "$(BUILT_PRODUCTS_DIR)/Twitter.app/Twitter";
			};
			name = Debug;
		};
		7692AEEA21135D2E003D2B9D /* Release */ = {
			isa = XCBuildConfiguration;
			buildSettings = {
				ALWAYS_EMBED_SWIFT_STANDARD_LIBRARIES = YES;
				BUNDLE_LOADER = "$(TEST_HOST)";
				CODE_SIGN_STYLE = Automatic;
				INFOPLIST_FILE = TwitterTests/Info.plist;
				LD_RUNPATH_SEARCH_PATHS = (
					"$(inherited)",
					"@executable_path/Frameworks",
					"@loader_path/Frameworks",
				);
				PRODUCT_BUNDLE_IDENTIFIER = GetHired.com.TwitterTests;
				PRODUCT_NAME = "$(TARGET_NAME)";
				SWIFT_VERSION = 4.0;
				TARGETED_DEVICE_FAMILY = "1,2";
				TEST_HOST = "$(BUILT_PRODUCTS_DIR)/Twitter.app/Twitter";
			};
			name = Release;
		};
		7692AEEC21135D2E003D2B9D /* Debug */ = {
			isa = XCBuildConfiguration;
			buildSettings = {
				ALWAYS_EMBED_SWIFT_STANDARD_LIBRARIES = YES;
				CODE_SIGN_STYLE = Automatic;
				INFOPLIST_FILE = TwitterUITests/Info.plist;
				LD_RUNPATH_SEARCH_PATHS = (
					"$(inherited)",
					"@executable_path/Frameworks",
					"@loader_path/Frameworks",
				);
				PRODUCT_BUNDLE_IDENTIFIER = GetHired.com.TwitterUITests;
				PRODUCT_NAME = "$(TARGET_NAME)";
				SWIFT_VERSION = 4.0;
				TARGETED_DEVICE_FAMILY = "1,2";
				TEST_TARGET_NAME = Twitter;
			};
			name = Debug;
		};
		7692AEED21135D2E003D2B9D /* Release */ = {
			isa = XCBuildConfiguration;
			buildSettings = {
				ALWAYS_EMBED_SWIFT_STANDARD_LIBRARIES = YES;
				CODE_SIGN_STYLE = Automatic;
				INFOPLIST_FILE = TwitterUITests/Info.plist;
				LD_RUNPATH_SEARCH_PATHS = (
					"$(inherited)",
					"@executable_path/Frameworks",
					"@loader_path/Frameworks",
				);
				PRODUCT_BUNDLE_IDENTIFIER = GetHired.com.TwitterUITests;
				PRODUCT_NAME = "$(TARGET_NAME)";
				SWIFT_VERSION = 4.0;
				TARGETED_DEVICE_FAMILY = "1,2";
				TEST_TARGET_NAME = Twitter;
			};
			name = Release;
		};
/* End XCBuildConfiguration section */

/* Begin XCConfigurationList section */
		7692AEB821135D2D003D2B9D /* Build configuration list for PBXProject "Twitter" */ = {
			isa = XCConfigurationList;
			buildConfigurations = (
				7692AEE321135D2E003D2B9D /* Debug */,
				7692AEE421135D2E003D2B9D /* Release */,
			);
			defaultConfigurationIsVisible = 0;
			defaultConfigurationName = Release;
		};
		7692AEE521135D2E003D2B9D /* Build configuration list for PBXNativeTarget "Twitter" */ = {
			isa = XCConfigurationList;
			buildConfigurations = (
				7692AEE621135D2E003D2B9D /* Debug */,
				7692AEE721135D2E003D2B9D /* Release */,
			);
			defaultConfigurationIsVisible = 0;
			defaultConfigurationName = Release;
		};
		7692AEE821135D2E003D2B9D /* Build configuration list for PBXNativeTarget "TwitterTests" */ = {
			isa = XCConfigurationList;
			buildConfigurations = (
				7692AEE921135D2E003D2B9D /* Debug */,
				7692AEEA21135D2E003D2B9D /* Release */,
			);
			defaultConfigurationIsVisible = 0;
			defaultConfigurationName = Release;
		};
		7692AEEB21135D2E003D2B9D /* Build configuration list for PBXNativeTarget "TwitterUITests" */ = {
			isa = XCConfigurationList;
			buildConfigurations = (
				7692AEEC21135D2E003D2B9D /* Debug */,
				7692AEED21135D2E003D2B9D /* Release */,
			);
			defaultConfigurationIsVisible = 0;
			defaultConfigurationName = Release;
		};
/* End XCConfigurationList section */
	};
	rootObject = 7692AEB521135D2D003D2B9D /* Project object */;
}
